// !$*UTF8*$!
{
	archiveVersion = 1;
	classes = {
	};
	objectVersion = 46;
	objects = {

/* Begin PBXBuildFile section */
		4237B23919ED44CE00E24574 /* main.m in Sources */ = {isa = PBXBuildFile; fileRef = 4237B23819ED44CE00E24574 /* main.m */; };
		4237B23C19ED44CE00E24574 /* AppDelegate.m in Sources */ = {isa = PBXBuildFile; fileRef = 4237B23B19ED44CE00E24574 /* AppDelegate.m */; };
		4237B23F19ED44CE00E24574 /* ViewController.m in Sources */ = {isa = PBXBuildFile; fileRef = 4237B23E19ED44CE00E24574 /* ViewController.m */; };
		4237B24219ED44CE00E24574 /* Main.storyboard in Resources */ = {isa = PBXBuildFile; fileRef = 4237B24019ED44CE00E24574 /* Main.storyboard */; };
		4237B24419ED44CE00E24574 /* Images.xcassets in Resources */ = {isa = PBXBuildFile; fileRef = 4237B24319ED44CE00E24574 /* Images.xcassets */; };
		4237B24719ED44CE00E24574 /* LaunchScreen.xib in Resources */ = {isa = PBXBuildFile; fileRef = 4237B24519ED44CE00E24574 /* LaunchScreen.xib */; };
		4237B25319ED44CF00E24574 /* DataHandlerDemoTests.m in Sources */ = {isa = PBXBuildFile; fileRef = 4237B25219ED44CF00E24574 /* DataHandlerDemoTests.m */; };
		4237B26719ED464300E24574 /* HKDataRequestResult.m in Sources */ = {isa = PBXBuildFile; fileRef = 4237B26619ED464300E24574 /* HKDataRequestResult.m */; };
		4237B26A19ED465B00E24574 /* HKDataRequestSender.m in Sources */ = {isa = PBXBuildFile; fileRef = 4237B26919ED465B00E24574 /* HKDataRequestSender.m */; };
		84B89D7E19EE402A00DCA8F0 /* HKDataRequestCenter.m in Sources */ = {isa = PBXBuildFile; fileRef = 84B89D7D19EE402A00DCA8F0 /* HKDataRequestCenter.m */; };
/* End PBXBuildFile section */

/* Begin PBXContainerItemProxy section */
		4237B24D19ED44CE00E24574 /* PBXContainerItemProxy */ = {
			isa = PBXContainerItemProxy;
			containerPortal = 4237B22B19ED44CE00E24574 /* Project object */;
			proxyType = 1;
			remoteGlobalIDString = 4237B23219ED44CE00E24574;
			remoteInfo = DataHandlerDemo;
		};
/* End PBXContainerItemProxy section */

/* Begin PBXFileReference section */
		4237B23319ED44CE00E24574 /* DataHandlerDemo.app */ = {isa = PBXFileReference; explicitFileType = wrapper.application; includeInIndex = 0; path = DataHandlerDemo.app; sourceTree = BUILT_PRODUCTS_DIR; };
		4237B23719ED44CE00E24574 /* Info.plist */ = {isa = PBXFileReference; lastKnownFileType = text.plist.xml; path = Info.plist; sourceTree = "<group>"; };
		4237B23819ED44CE00E24574 /* main.m */ = {isa = PBXFileReference; lastKnownFileType = sourcecode.c.objc; path = main.m; sourceTree = "<group>"; };
		4237B23A19ED44CE00E24574 /* AppDelegate.h */ = {isa = PBXFileReference; lastKnownFileType = sourcecode.c.h; path = AppDelegate.h; sourceTree = "<group>"; };
		4237B23B19ED44CE00E24574 /* AppDelegate.m */ = {isa = PBXFileReference; lastKnownFileType = sourcecode.c.objc; path = AppDelegate.m; sourceTree = "<group>"; };
		4237B23D19ED44CE00E24574 /* ViewController.h */ = {isa = PBXFileReference; lastKnownFileType = sourcecode.c.h; path = ViewController.h; sourceTree = "<group>"; };
		4237B23E19ED44CE00E24574 /* ViewController.m */ = {isa = PBXFileReference; lastKnownFileType = sourcecode.c.objc; path = ViewController.m; sourceTree = "<group>"; };
		4237B24119ED44CE00E24574 /* Base */ = {isa = PBXFileReference; lastKnownFileType = file.storyboard; name = Base; path = Base.lproj/Main.storyboard; sourceTree = "<group>"; };
		4237B24319ED44CE00E24574 /* Images.xcassets */ = {isa = PBXFileReference; lastKnownFileType = folder.assetcatalog; path = Images.xcassets; sourceTree = "<group>"; };
		4237B24619ED44CE00E24574 /* Base */ = {isa = PBXFileReference; lastKnownFileType = file.xib; name = Base; path = Base.lproj/LaunchScreen.xib; sourceTree = "<group>"; };
		4237B24C19ED44CE00E24574 /* DataHandlerDemoTests.xctest */ = {isa = PBXFileReference; explicitFileType = wrapper.cfbundle; includeInIndex = 0; path = DataHandlerDemoTests.xctest; sourceTree = BUILT_PRODUCTS_DIR; };
		4237B25119ED44CF00E24574 /* Info.plist */ = {isa = PBXFileReference; lastKnownFileType = text.plist.xml; path = Info.plist; sourceTree = "<group>"; };
		4237B25219ED44CF00E24574 /* DataHandlerDemoTests.m */ = {isa = PBXFileReference; lastKnownFileType = sourcecode.c.objc; path = DataHandlerDemoTests.m; sourceTree = "<group>"; };
		4237B26419ED464300E24574 /* HKDataRequestDelegate.h */ = {isa = PBXFileReference; fileEncoding = 4; lastKnownFileType = sourcecode.c.h; path = HKDataRequestDelegate.h; sourceTree = "<group>"; };
		4237B26519ED464300E24574 /* HKDataRequestResult.h */ = {isa = PBXFileReference; fileEncoding = 4; lastKnownFileType = sourcecode.c.h; path = HKDataRequestResult.h; sourceTree = "<group>"; };
		4237B26619ED464300E24574 /* HKDataRequestResult.m */ = {isa = PBXFileReference; fileEncoding = 4; lastKnownFileType = sourcecode.c.objc; path = HKDataRequestResult.m; sourceTree = "<group>"; };
		4237B26819ED465B00E24574 /* HKDataRequestSender.h */ = {isa = PBXFileReference; fileEncoding = 4; lastKnownFileType = sourcecode.c.h; path = HKDataRequestSender.h; sourceTree = "<group>"; };
		4237B26919ED465B00E24574 /* HKDataRequestSender.m */ = {isa = PBXFileReference; fileEncoding = 4; lastKnownFileType = sourcecode.c.objc; path = HKDataRequestSender.m; sourceTree = "<group>"; };
		84B89D7C19EE402A00DCA8F0 /* HKDataRequestCenter.h */ = {isa = PBXFileReference; fileEncoding = 4; lastKnownFileType = sourcecode.c.h; path = HKDataRequestCenter.h; sourceTree = "<group>"; };
		84B89D7D19EE402A00DCA8F0 /* HKDataRequestCenter.m */ = {isa = PBXFileReference; fileEncoding = 4; lastKnownFileType = sourcecode.c.objc; path = HKDataRequestCenter.m; sourceTree = "<group>"; };
		84B89D7F19EE405900DCA8F0 /* HKDataRequestCenterDelegate.h */ = {isa = PBXFileReference; lastKnownFileType = sourcecode.c.h; path = HKDataRequestCenterDelegate.h; sourceTree = "<group>"; };
/* End PBXFileReference section */

/* Begin PBXFrameworksBuildPhase section */
		4237B23019ED44CE00E24574 /* Frameworks */ = {
			isa = PBXFrameworksBuildPhase;
			buildActionMask = 2147483647;
			files = (
			);
			runOnlyForDeploymentPostprocessing = 0;
		};
		4237B24919ED44CE00E24574 /* Frameworks */ = {
			isa = PBXFrameworksBuildPhase;
			buildActionMask = 2147483647;
			files = (
			);
			runOnlyForDeploymentPostprocessing = 0;
		};
/* End PBXFrameworksBuildPhase section */

/* Begin PBXGroup section */
		4237B22A19ED44CE00E24574 = {
			isa = PBXGroup;
			children = (
				4237B23519ED44CE00E24574 /* DataHandlerDemo */,
				4237B24F19ED44CE00E24574 /* DataHandlerDemoTests */,
				4237B23419ED44CE00E24574 /* Products */,
			);
			sourceTree = "<group>";
		};
		4237B23419ED44CE00E24574 /* Products */ = {
			isa = PBXGroup;
			children = (
				4237B23319ED44CE00E24574 /* DataHandlerDemo.app */,
				4237B24C19ED44CE00E24574 /* DataHandlerDemoTests.xctest */,
			);
			name = Products;
			sourceTree = "<group>";
		};
		4237B23519ED44CE00E24574 /* DataHandlerDemo */ = {
			isa = PBXGroup;
			children = (
				4237B25C19ED44F900E24574 /* DataHandler */,
				4237B23A19ED44CE00E24574 /* AppDelegate.h */,
				4237B23B19ED44CE00E24574 /* AppDelegate.m */,
				4237B23D19ED44CE00E24574 /* ViewController.h */,
				4237B23E19ED44CE00E24574 /* ViewController.m */,
				4237B24019ED44CE00E24574 /* Main.storyboard */,
				4237B24319ED44CE00E24574 /* Images.xcassets */,
				4237B24519ED44CE00E24574 /* LaunchScreen.xib */,
				4237B23619ED44CE00E24574 /* Supporting Files */,
			);
			path = DataHandlerDemo;
			sourceTree = "<group>";
		};
		4237B23619ED44CE00E24574 /* Supporting Files */ = {
			isa = PBXGroup;
			children = (
				4237B23719ED44CE00E24574 /* Info.plist */,
				4237B23819ED44CE00E24574 /* main.m */,
			);
			name = "Supporting Files";
			sourceTree = "<group>";
		};
		4237B24F19ED44CE00E24574 /* DataHandlerDemoTests */ = {
			isa = PBXGroup;
			children = (
				4237B25219ED44CF00E24574 /* DataHandlerDemoTests.m */,
				4237B25019ED44CF00E24574 /* Supporting Files */,
			);
			path = DataHandlerDemoTests;
			sourceTree = "<group>";
		};
		4237B25019ED44CF00E24574 /* Supporting Files */ = {
			isa = PBXGroup;
			children = (
				4237B25119ED44CF00E24574 /* Info.plist */,
			);
			name = "Supporting Files";
			sourceTree = "<group>";
		};
		4237B25C19ED44F900E24574 /* DataHandler */ = {
			isa = PBXGroup;
			children = (
				4237B25E19ED45F600E24574 /* DataHandler */,
			);
			name = DataHandler;
			sourceTree = "<group>";
		};
		4237B25E19ED45F600E24574 /* DataHandler */ = {
			isa = PBXGroup;
			children = (
				4237B26319ED464300E24574 /* DataHandler */,
			);
			path = DataHandler;
			sourceTree = "<group>";
		};
		4237B26319ED464300E24574 /* DataHandler */ = {
			isa = PBXGroup;
			children = (
				4237B26419ED464300E24574 /* HKDataRequestDelegate.h */,
				4237B26519ED464300E24574 /* HKDataRequestResult.h */,
				4237B26619ED464300E24574 /* HKDataRequestResult.m */,
				4237B26819ED465B00E24574 /* HKDataRequestSender.h */,
				4237B26919ED465B00E24574 /* HKDataRequestSender.m */,
				84B89D7F19EE405900DCA8F0 /* HKDataRequestCenterDelegate.h */,
				84B89D7C19EE402A00DCA8F0 /* HKDataRequestCenter.h */,
				84B89D7D19EE402A00DCA8F0 /* HKDataRequestCenter.m */,
			);
			name = DataHandler;
			sourceTree = "<group>";
		};
/* End PBXGroup section */

/* Begin PBXNativeTarget section */
		4237B23219ED44CE00E24574 /* DataHandlerDemo */ = {
			isa = PBXNativeTarget;
			buildConfigurationList = 4237B25619ED44CF00E24574 /* Build configuration list for PBXNativeTarget "DataHandlerDemo" */;
			buildPhases = (
				4237B22F19ED44CE00E24574 /* Sources */,
				4237B23019ED44CE00E24574 /* Frameworks */,
				4237B23119ED44CE00E24574 /* Resources */,
			);
			buildRules = (
			);
			dependencies = (
			);
			name = DataHandlerDemo;
			productName = DataHandlerDemo;
			productReference = 4237B23319ED44CE00E24574 /* DataHandlerDemo.app */;
			productType = "com.apple.product-type.application";
		};
		4237B24B19ED44CE00E24574 /* DataHandlerDemoTests */ = {
			isa = PBXNativeTarget;
			buildConfigurationList = 4237B25919ED44CF00E24574 /* Build configuration list for PBXNativeTarget "DataHandlerDemoTests" */;
			buildPhases = (
				4237B24819ED44CE00E24574 /* Sources */,
				4237B24919ED44CE00E24574 /* Frameworks */,
				4237B24A19ED44CE00E24574 /* Resources */,
			);
			buildRules = (
			);
			dependencies = (
				4237B24E19ED44CE00E24574 /* PBXTargetDependency */,
			);
			name = DataHandlerDemoTests;
			productName = DataHandlerDemoTests;
			productReference = 4237B24C19ED44CE00E24574 /* DataHandlerDemoTests.xctest */;
			productType = "com.apple.product-type.bundle.unit-test";
		};
/* End PBXNativeTarget section */

/* Begin PBXProject section */
		4237B22B19ED44CE00E24574 /* Project object */ = {
			isa = PBXProject;
			attributes = {
				LastUpgradeCheck = 0600;
				ORGANIZATIONNAME = "haikieu2907@gmail.com";
				TargetAttributes = {
					4237B23219ED44CE00E24574 = {
						CreatedOnToolsVersion = 6.0.1;
					};
					4237B24B19ED44CE00E24574 = {
						CreatedOnToolsVersion = 6.0.1;
						TestTargetID = 4237B23219ED44CE00E24574;
					};
				};
			};
			buildConfigurationList = 4237B22E19ED44CE00E24574 /* Build configuration list for PBXProject "DataHandlerDemo" */;
			compatibilityVersion = "Xcode 3.2";
			developmentRegion = English;
			hasScannedForEncodings = 0;
			knownRegions = (
				en,
				Base,
			);
			mainGroup = 4237B22A19ED44CE00E24574;
			productRefGroup = 4237B23419ED44CE00E24574 /* Products */;
			projectDirPath = "";
			projectRoot = "";
			targets = (
				4237B23219ED44CE00E24574 /* DataHandlerDemo */,
				4237B24B19ED44CE00E24574 /* DataHandlerDemoTests */,
			);
		};
/* End PBXProject section */

/* Begin PBXResourcesBuildPhase section */
		4237B23119ED44CE00E24574 /* Resources */ = {
			isa = PBXResourcesBuildPhase;
			buildActionMask = 2147483647;
			files = (
				4237B24219ED44CE00E24574 /* Main.storyboard in Resources */,
				4237B24719ED44CE00E24574 /* LaunchScreen.xib in Resources */,
				4237B24419ED44CE00E24574 /* Images.xcassets in Resources */,
			);
			runOnlyForDeploymentPostprocessing = 0;
		};
		4237B24A19ED44CE00E24574 /* Resources */ = {
			isa = PBXResourcesBuildPhase;
			buildActionMask = 2147483647;
			files = (
			);
			runOnlyForDeploymentPostprocessing = 0;
		};
/* End PBXResourcesBuildPhase section */

/* Begin PBXSourcesBuildPhase section */
		4237B22F19ED44CE00E24574 /* Sources */ = {
			isa = PBXSourcesBuildPhase;
			buildActionMask = 2147483647;
			files = (
				4237B26A19ED465B00E24574 /* HKDataRequestSender.m in Sources */,
				4237B23F19ED44CE00E24574 /* ViewController.m in Sources */,
				4237B23C19ED44CE00E24574 /* AppDelegate.m in Sources */,
				84B89D7E19EE402A00DCA8F0 /* HKDataRequestCenter.m in Sources */,
				4237B26719ED464300E24574 /* HKDataRequestResult.m in Sources */,
				4237B23919ED44CE00E24574 /* main.m in Sources */,
			);
			runOnlyForDeploymentPostprocessing = 0;
		};
		4237B24819ED44CE00E24574 /* Sources */ = {
			isa = PBXSourcesBuildPhase;
			buildActionMask = 2147483647;
			files = (
				4237B25319ED44CF00E24574 /* DataHandlerDemoTests.m in Sources */,
			);
			runOnlyForDeploymentPostprocessing = 0;
		};
/* End PBXSourcesBuildPhase section */

/* Begin PBXTargetDependency section */
		4237B24E19ED44CE00E24574 /* PBXTargetDependency */ = {
			isa = PBXTargetDependency;
			target = 4237B23219ED44CE00E24574 /* DataHandlerDemo */;
			targetProxy = 4237B24D19ED44CE00E24574 /* PBXContainerItemProxy */;
		};
/* End PBXTargetDependency section */

/* Begin PBXVariantGroup section */
		4237B24019ED44CE00E24574 /* Main.storyboard */ = {
			isa = PBXVariantGroup;
			children = (
				4237B24119ED44CE00E24574 /* Base */,
			);
			name = Main.storyboard;
			sourceTree = "<group>";
		};
		4237B24519ED44CE00E24574 /* LaunchScreen.xib */ = {
			isa = PBXVariantGroup;
			children = (
				4237B24619ED44CE00E24574 /* Base */,
			);
			name = LaunchScreen.xib;
			sourceTree = "<group>";
		};
/* End PBXVariantGroup section */

/* Begin XCBuildConfiguration section */
		4237B25419ED44CF00E24574 /* Debug */ = {
			isa = XCBuildConfiguration;
			buildSettings = {
				ALWAYS_SEARCH_USER_PATHS = NO;
				CLANG_CXX_LANGUAGE_STANDARD = "gnu++0x";
				CLANG_CXX_LIBRARY = "libc++";
				CLANG_ENABLE_MODULES = YES;
				CLANG_ENABLE_OBJC_ARC = YES;
				CLANG_WARN_BOOL_CONVERSION = YES;
				CLANG_WARN_CONSTANT_CONVERSION = YES;
				CLANG_WARN_DIRECT_OBJC_ISA_USAGE = YES_ERROR;
				CLANG_WARN_EMPTY_BODY = YES;
				CLANG_WARN_ENUM_CONVERSION = YES;
				CLANG_WARN_INT_CONVERSION = YES;
				CLANG_WARN_OBJC_ROOT_CLASS = YES_ERROR;
				CLANG_WARN_UNREACHABLE_CODE = YES;
				CLANG_WARN__DUPLICATE_METHOD_MATCH = YES;
				"CODE_SIGN_IDENTITY[sdk=iphoneos*]" = "iPhone Developer";
				COPY_PHASE_STRIP = NO;
				ENABLE_STRICT_OBJC_MSGSEND = YES;
				GCC_C_LANGUAGE_STANDARD = gnu99;
				GCC_DYNAMIC_NO_PIC = NO;
				GCC_OPTIMIZATION_LEVEL = 0;
				GCC_PREPROCESSOR_DEFINITIONS = (
					"DEBUG=1",
					"$(inherited)",
				);
				GCC_SYMBOLS_PRIVATE_EXTERN = NO;
				GCC_WARN_64_TO_32_BIT_CONVERSION = YES;
				GCC_WARN_ABOUT_RETURN_TYPE = YES_ERROR;
				GCC_WARN_UNDECLARED_SELECTOR = YES;
				GCC_WARN_UNINITIALIZED_AUTOS = YES_AGGRESSIVE;
				GCC_WARN_UNUSED_FUNCTION = YES;
				GCC_WARN_UNUSED_VARIABLE = YES;
				IPHONEOS_DEPLOYMENT_TARGET = 8.0;
				MTL_ENABLE_DEBUG_INFO = YES;
				ONLY_ACTIVE_ARCH = YES;
				SDKROOT = iphoneos;
			};
			name = Debug;
		};
		4237B25519ED44CF00E24574 /* Release */ = {
			isa = XCBuildConfiguration;
			buildSettings = {
				ALWAYS_SEARCH_USER_PATHS = NO;
				CLANG_CXX_LANGUAGE_STANDARD = "gnu++0x";
				CLANG_CXX_LIBRARY = "libc++";
				CLANG_ENABLE_MODULES = YES;
				CLANG_ENABLE_OBJC_ARC = YES;
				CLANG_WARN_BOOL_CONVERSION = YES;
				CLANG_WARN_CONSTANT_CONVERSION = YES;
				CLANG_WARN_DIRECT_OBJC_ISA_USAGE = YES_ERROR;
				CLANG_WARN_EMPTY_BODY = YES;
				CLANG_WARN_ENUM_CONVERSION = YES;
				CLANG_WARN_INT_CONVERSION = YES;
				CLANG_WARN_OBJC_ROOT_CLASS = YES_ERROR;
				CLANG_WARN_UNREACHABLE_CODE = YES;
				CLANG_WARN__DUPLICATE_METHOD_MATCH = YES;
				"CODE_SIGN_IDENTITY[sdk=iphoneos*]" = "iPhone Developer";
				COPY_PHASE_STRIP = YES;
				ENABLE_NS_ASSERTIONS = NO;
				ENABLE_STRICT_OBJC_MSGSEND = YES;
				GCC_C_LANGUAGE_STANDARD = gnu99;
				GCC_WARN_64_TO_32_BIT_CONVERSION = YES;
				GCC_WARN_ABOUT_RETURN_TYPE = YES_ERROR;
				GCC_WARN_UNDECLARED_SELECTOR = YES;
				GCC_WARN_UNINITIALIZED_AUTOS = YES_AGGRESSIVE;
				GCC_WARN_UNUSED_FUNCTION = YES;
				GCC_WARN_UNUSED_VARIABLE = YES;
				IPHONEOS_DEPLOYMENT_TARGET = 8.0;
				MTL_ENABLE_DEBUG_INFO = NO;
				SDKROOT = iphoneos;
				VALIDATE_PRODUCT = YES;
			};
			name = Release;
		};
		4237B25719ED44CF00E24574 /* Debug */ = {
			isa = XCBuildConfiguration;
			buildSettings = {
				ASSETCATALOG_COMPILER_APPICON_NAME = AppIcon;
				INFOPLIST_FILE = DataHandlerDemo/Info.plist;
				LD_RUNPATH_SEARCH_PATHS = "$(inherited) @executable_path/Frameworks";
				PRODUCT_NAME = "$(TARGET_NAME)";
			};
			name = Debug;
		};
		4237B25819ED44CF00E24574 /* Release */ = {
			isa = XCBuildConfiguration;
			buildSettings = {
				ASSETCATALOG_COMPILER_APPICON_NAME = AppIcon;
				INFOPLIST_FILE = DataHandlerDemo/Info.plist;
				LD_RUNPATH_SEARCH_PATHS = "$(inherited) @executable_path/Frameworks";
				PRODUCT_NAME = "$(TARGET_NAME)";
			};
			name = Release;
		};
		4237B25A19ED44CF00E24574 /* Debug */ = {
			isa = XCBuildConfiguration;
			buildSettings = {
				BUNDLE_LOADER = "$(TEST_HOST)";
				FRAMEWORK_SEARCH_PATHS = (
					"$(SDKROOT)/Developer/Library/Frameworks",
					"$(inherited)",
				);
				GCC_PREPROCESSOR_DEFINITIONS = (
					"DEBUG=1",
					"$(inherited)",
				);
				INFOPLIST_FILE = DataHandlerDemoTests/Info.plist;
				LD_RUNPATH_SEARCH_PATHS = "$(inherited) @executable_path/Frameworks @loader_path/Frameworks";
				PRODUCT_NAME = "$(TARGET_NAME)";
				TEST_HOST = "$(BUILT_PRODUCTS_DIR)/DataHandlerDemo.app/DataHandlerDemo";
			};
			name = Debug;
		};
		4237B25B19ED44CF00E24574 /* Release */ = {
			isa = XCBuildConfiguration;
			buildSettings = {
				BUNDLE_LOADER = "$(TEST_HOST)";
				FRAMEWORK_SEARCH_PATHS = (
					"$(SDKROOT)/Developer/Library/Frameworks",
					"$(inherited)",
				);
				INFOPLIST_FILE = DataHandlerDemoTests/Info.plist;
				LD_RUNPATH_SEARCH_PATHS = "$(inherited) @executable_path/Frameworks @loader_path/Frameworks";
				PRODUCT_NAME = "$(TARGET_NAME)";
				TEST_HOST = "$(BUILT_PRODUCTS_DIR)/DataHandlerDemo.app/DataHandlerDemo";
			};
			name = Release;
		};
/* End XCBuildConfiguration section */

/* Begin XCConfigurationList section */
		4237B22E19ED44CE00E24574 /* Build configuration list for PBXProject "DataHandlerDemo" */ = {
			isa = XCConfigurationList;
			buildConfigurations = (
				4237B25419ED44CF00E24574 /* Debug */,
				4237B25519ED44CF00E24574 /* Release */,
			);
			defaultConfigurationIsVisible = 0;
			defaultConfigurationName = Release;
		};
		4237B25619ED44CF00E24574 /* Build configuration list for PBXNativeTarget "DataHandlerDemo" */ = {
			isa = XCConfigurationList;
			buildConfigurations = (
				4237B25719ED44CF00E24574 /* Debug */,
				4237B25819ED44CF00E24574 /* Release */,
			);
			defaultConfigurationIsVisible = 0;
			defaultConfigurationName = Release;
		};
		4237B25919ED44CF00E24574 /* Build configuration list for PBXNativeTarget "DataHandlerDemoTests" */ = {
			isa = XCConfigurationList;
			buildConfigurations = (
				4237B25A19ED44CF00E24574 /* Debug */,
				4237B25B19ED44CF00E24574 /* Release */,
			);
			defaultConfigurationIsVisible = 0;
			defaultConfigurationName = Release;
		};
/* End XCConfigurationList section */
	};
	rootObject = 4237B22B19ED44CE00E24574 /* Project object */;
}
